{
  "version": 4,
  "terraform_version": "1.0.7",
  "serial": 7,
  "lineage": "1497f164-d491-c5da-8055-7ec3308f09f2",
  "outputs": {},
  "resources": [
    {
      "mode": "managed",
      "type": "aws_vpc",
      "name": "test-vpc",
      "provider": "provider[\"registry.terraform.io/hashicorp/aws\"]",
      "instances": [
        {
          "schema_version": 1,
          "attributes": {
            "arn": "arn:aws:ec2:us-east-1:404849952244:vpc/vpc-0cfc333ec8700ec10",
            "assign_generated_ipv6_cidr_block": false,
            "cidr_block": "10.0.0.0/16",
            "default_network_acl_id": "acl-0c7938618caf08985",
            "default_route_table_id": "rtb-025c1a0f6193a1f6e",
            "default_security_group_id": "sg-0830d4b0e12335048",
            "dhcp_options_id": "dopt-0d43e3f5362db8fd3",
            "enable_classiclink": false,
            "enable_classiclink_dns_support": false,
            "enable_dns_hostnames": false,
            "enable_dns_support": true,
            "id": "vpc-0cfc333ec8700ec10",
            "instance_tenancy": "default",
            "ipv6_association_id": "",
            "ipv6_cidr_block": "",
            "main_route_table_id": "rtb-025c1a0f6193a1f6e",
            "owner_id": "404849952244",
            "tags": {
              "Name": "test"
            },
            "tags_all": {
              "Name": "test"
            }
          },
          "sensitive_attributes": [],
          "private": "eyJzY2hlbWFfdmVyc2lvbiI6IjEifQ=="
        }
      ]
    }
  ]
}
